
Microsoft Visual Studio Solution File, Format Version 12.00
# Visual Studio 14
VisualStudioVersion = 14.0.25123.0
MinimumVisualStudioVersion = 10.0.40219.1
Project("{FAE04EC0-301F-11D3-BF4B-00C04F79EFBC}") = "SuperFood", "SuperFood\SuperFood.csproj", "{2BB2A66F-2826-46AD-9ABA-C9071DB1FA50}"
EndProject
Project("{FAE04EC0-301F-11D3-BF4B-00C04F79EFBC}") = "SuperFood.Tests", "SuperFood.Tests\SuperFood.Tests.csproj", "{D9FE1B8B-4DE4-42C0-A143-4577E5ED723D}"
EndProject
Project("{FAE04EC0-301F-11D3-BF4B-00C04F79EFBC}") = "SuperFood.Shared", "SuperFood.Shared\SuperFood.Shared.csproj", "{370793DE-E751-4D0B-9B3E-A5BCFE2A94C8}"
EndProject
Global
	GlobalSection(SolutionConfigurationPlatforms) = preSolution
		Debug|Any CPU = Debug|Any CPU
		Release|Any CPU = Release|Any CPU
	EndGlobalSection
	GlobalSection(ProjectConfigurationPlatforms) = postSolution
		{2BB2A66F-2826-46AD-9ABA-C9071DB1FA50}.Debug|Any CPU.ActiveCfg = Debug|Any CPU
		{2BB2A66F-2826-46AD-9ABA-C9071DB1FA50}.Debug|Any CPU.Build.0 = Debug|Any CPU
		{2BB2A66F-2826-46AD-9ABA-C9071DB1FA50}.Release|Any CPU.ActiveCfg = Release|Any CPU
		{2BB2A66F-2826-46AD-9ABA-C9071DB1FA50}.Release|Any CPU.Build.0 = Release|Any CPU
		{D9FE1B8B-4DE4-42C0-A143-4577E5ED723D}.Debug|Any CPU.ActiveCfg = Debug|Any CPU
		{D9FE1B8B-4DE4-42C0-A143-4577E5ED723D}.Debug|Any CPU.Build.0 = Debug|Any CPU
		{D9FE1B8B-4DE4-42C0-A143-4577E5ED723D}.Release|Any CPU.ActiveCfg = Release|Any CPU
		{D9FE1B8B-4DE4-42C0-A143-4577E5ED723D}.Release|Any CPU.Build.0 = Release|Any CPU
		{370793DE-E751-4D0B-9B3E-A5BCFE2A94C8}.Debug|Any CPU.ActiveCfg = Debug|Any CPU
		{370793DE-E751-4D0B-9B3E-A5BCFE2A94C8}.Debug|Any CPU.Build.0 = Debug|Any CPU
		{370793DE-E751-4D0B-9B3E-A5BCFE2A94C8}.Release|Any CPU.ActiveCfg = Release|Any CPU
		{370793DE-E751-4D0B-9B3E-A5BCFE2A94C8}.Release|Any CPU.Build.0 = Release|Any CPU
	EndGlobalSection
	GlobalSection(SolutionProperties) = preSolution
		HideSolutionNode = FALSE
	EndGlobalSection
EndGlobal
